
Microsoft Visual Studio Solution File, Format Version 12.00
# Visual Studio 15
VisualStudioVersion = 15.0.26124.0
MinimumVisualStudioVersion = 15.0.26124.0
Project("{9A19103F-16F7-4668-BE54-9A1E7A4F7556}") = "HaruGaKita.WebAPI", "HaruGaKita\HaruGaKita.WebAPI.csproj", "{76059671-F2EE-4961-812C-DB4E0A51F938}"
EndProject
Project("{9A19103F-16F7-4668-BE54-9A1E7A4F7556}") = "HaruGaKita.Test", "HaruGaKita.Test\HaruGaKita.Test.csproj", "{145BDD9D-7F00-4EDA-8798-DAAF3347D59F}"
EndProject
Project("{E53339B2-1760-4266-BCC7-CA923CBCF16C}") = "docker-compose", "docker-compose.dcproj", "{7ECC5906-9806-4EC4-9461-9149911B7DDC}"
EndProject
Project("{2150E333-8FDC-42A3-9474-1A3956D46DE8}") = "Tests", "Tests", "{19A0D21E-D851-4FBF-80B5-57411AB5457D}"
EndProject
Project("{2150E333-8FDC-42A3-9474-1A3956D46DE8}") = "Core", "Core", "{0DEB515D-320D-4C3B-912A-3C43FE94C619}"
EndProject
Project("{9A19103F-16F7-4668-BE54-9A1E7A4F7556}") = "HaruGaKita.Application", "HaruGaKita.Application\HaruGaKita.Application.csproj", "{A1D72348-BF7B-48F5-8F65-F16439C82A60}"
EndProject
Project("{2150E333-8FDC-42A3-9474-1A3956D46DE8}") = "Infrastructure", "Infrastructure", "{2A4726ED-B09B-4B41-8AF3-B9FD846455AB}"
EndProject
Project("{9A19103F-16F7-4668-BE54-9A1E7A4F7556}") = "HaruGaKita.Persistence", "HaruGaKita.Persistence\HaruGaKita.Persistence.csproj", "{1917E34B-8331-4383-9773-70BFC6425C1A}"
EndProject
Project("{2150E333-8FDC-42A3-9474-1A3956D46DE8}") = "API", "API", "{41C0BFB0-2D27-4216-BAB1-5E44FD114135}"
EndProject
Project("{2150E333-8FDC-42A3-9474-1A3956D46DE8}") = "Common", "Common", "{ECF8B46D-E115-4A2C-A7F0-719592637204}"
EndProject
Project("{9A19103F-16F7-4668-BE54-9A1E7A4F7556}") = "HaruGaKita.Common", "HaruGaKita.Common\HaruGaKita.Common.csproj", "{638BBAB6-CCE0-4F5B-9155-B53BE2641972}"
EndProject
Project("{9A19103F-16F7-4668-BE54-9A1E7A4F7556}") = "HaruGaKita.Domain", "HaruGaKita.Domain\HaruGaKita.Domain.csproj", "{6C349C5A-63FB-453F-94CA-66DDDEEAC8AF}"
EndProject
Global
	GlobalSection(SolutionConfigurationPlatforms) = preSolution
		Debug|Any CPU = Debug|Any CPU
		Debug|x64 = Debug|x64
		Debug|x86 = Debug|x86
		Release|Any CPU = Release|Any CPU
		Release|x64 = Release|x64
		Release|x86 = Release|x86
	EndGlobalSection
	GlobalSection(ProjectConfigurationPlatforms) = postSolution
		{76059671-F2EE-4961-812C-DB4E0A51F938}.Debug|Any CPU.ActiveCfg = Debug|Any CPU
		{76059671-F2EE-4961-812C-DB4E0A51F938}.Debug|Any CPU.Build.0 = Debug|Any CPU
		{76059671-F2EE-4961-812C-DB4E0A51F938}.Debug|x64.ActiveCfg = Debug|Any CPU
		{76059671-F2EE-4961-812C-DB4E0A51F938}.Debug|x64.Build.0 = Debug|Any CPU
		{76059671-F2EE-4961-812C-DB4E0A51F938}.Debug|x86.ActiveCfg = Debug|Any CPU
		{76059671-F2EE-4961-812C-DB4E0A51F938}.Debug|x86.Build.0 = Debug|Any CPU
		{76059671-F2EE-4961-812C-DB4E0A51F938}.Release|Any CPU.ActiveCfg = Release|Any CPU
		{76059671-F2EE-4961-812C-DB4E0A51F938}.Release|Any CPU.Build.0 = Release|Any CPU
		{76059671-F2EE-4961-812C-DB4E0A51F938}.Release|x64.ActiveCfg = Release|Any CPU
		{76059671-F2EE-4961-812C-DB4E0A51F938}.Release|x64.Build.0 = Release|Any CPU
		{76059671-F2EE-4961-812C-DB4E0A51F938}.Release|x86.ActiveCfg = Release|Any CPU
		{76059671-F2EE-4961-812C-DB4E0A51F938}.Release|x86.Build.0 = Release|Any CPU
		{145BDD9D-7F00-4EDA-8798-DAAF3347D59F}.Debug|Any CPU.ActiveCfg = Debug|Any CPU
		{145BDD9D-7F00-4EDA-8798-DAAF3347D59F}.Debug|Any CPU.Build.0 = Debug|Any CPU
		{145BDD9D-7F00-4EDA-8798-DAAF3347D59F}.Debug|x64.ActiveCfg = Debug|Any CPU
		{145BDD9D-7F00-4EDA-8798-DAAF3347D59F}.Debug|x64.Build.0 = Debug|Any CPU
		{145BDD9D-7F00-4EDA-8798-DAAF3347D59F}.Debug|x86.ActiveCfg = Debug|Any CPU
		{145BDD9D-7F00-4EDA-8798-DAAF3347D59F}.Debug|x86.Build.0 = Debug|Any CPU
		{145BDD9D-7F00-4EDA-8798-DAAF3347D59F}.Release|Any CPU.ActiveCfg = Release|Any CPU
		{145BDD9D-7F00-4EDA-8798-DAAF3347D59F}.Release|Any CPU.Build.0 = Release|Any CPU
		{145BDD9D-7F00-4EDA-8798-DAAF3347D59F}.Release|x64.ActiveCfg = Release|Any CPU
		{145BDD9D-7F00-4EDA-8798-DAAF3347D59F}.Release|x64.Build.0 = Release|Any CPU
		{145BDD9D-7F00-4EDA-8798-DAAF3347D59F}.Release|x86.ActiveCfg = Release|Any CPU
		{145BDD9D-7F00-4EDA-8798-DAAF3347D59F}.Release|x86.Build.0 = Release|Any CPU
		{7ECC5906-9806-4EC4-9461-9149911B7DDC}.Debug|Any CPU.ActiveCfg = Debug|Any CPU
		{7ECC5906-9806-4EC4-9461-9149911B7DDC}.Debug|Any CPU.Build.0 = Debug|Any CPU
		{7ECC5906-9806-4EC4-9461-9149911B7DDC}.Debug|x64.ActiveCfg = Debug|Any CPU
		{7ECC5906-9806-4EC4-9461-9149911B7DDC}.Debug|x64.Build.0 = Debug|Any CPU
		{7ECC5906-9806-4EC4-9461-9149911B7DDC}.Debug|x86.ActiveCfg = Debug|Any CPU
		{7ECC5906-9806-4EC4-9461-9149911B7DDC}.Debug|x86.Build.0 = Debug|Any CPU
		{7ECC5906-9806-4EC4-9461-9149911B7DDC}.Release|Any CPU.ActiveCfg = Release|Any CPU
		{7ECC5906-9806-4EC4-9461-9149911B7DDC}.Release|Any CPU.Build.0 = Release|Any CPU
		{7ECC5906-9806-4EC4-9461-9149911B7DDC}.Release|x64.ActiveCfg = Release|Any CPU
		{7ECC5906-9806-4EC4-9461-9149911B7DDC}.Release|x64.Build.0 = Release|Any CPU
		{7ECC5906-9806-4EC4-9461-9149911B7DDC}.Release|x86.ActiveCfg = Release|Any CPU
		{7ECC5906-9806-4EC4-9461-9149911B7DDC}.Release|x86.Build.0 = Release|Any CPU
		{A1D72348-BF7B-48F5-8F65-F16439C82A60}.Debug|Any CPU.ActiveCfg = Debug|Any CPU
		{A1D72348-BF7B-48F5-8F65-F16439C82A60}.Debug|Any CPU.Build.0 = Debug|Any CPU
		{A1D72348-BF7B-48F5-8F65-F16439C82A60}.Debug|x64.ActiveCfg = Debug|Any CPU
		{A1D72348-BF7B-48F5-8F65-F16439C82A60}.Debug|x64.Build.0 = Debug|Any CPU
		{A1D72348-BF7B-48F5-8F65-F16439C82A60}.Debug|x86.ActiveCfg = Debug|Any CPU
		{A1D72348-BF7B-48F5-8F65-F16439C82A60}.Debug|x86.Build.0 = Debug|Any CPU
		{A1D72348-BF7B-48F5-8F65-F16439C82A60}.Release|Any CPU.ActiveCfg = Release|Any CPU
		{A1D72348-BF7B-48F5-8F65-F16439C82A60}.Release|Any CPU.Build.0 = Release|Any CPU
		{A1D72348-BF7B-48F5-8F65-F16439C82A60}.Release|x64.ActiveCfg = Release|Any CPU
		{A1D72348-BF7B-48F5-8F65-F16439C82A60}.Release|x64.Build.0 = Release|Any CPU
		{A1D72348-BF7B-48F5-8F65-F16439C82A60}.Release|x86.ActiveCfg = Release|Any CPU
		{A1D72348-BF7B-48F5-8F65-F16439C82A60}.Release|x86.Build.0 = Release|Any CPU
		{1917E34B-8331-4383-9773-70BFC6425C1A}.Debug|Any CPU.ActiveCfg = Debug|Any CPU
		{1917E34B-8331-4383-9773-70BFC6425C1A}.Debug|Any CPU.Build.0 = Debug|Any CPU
		{1917E34B-8331-4383-9773-70BFC6425C1A}.Debug|x64.ActiveCfg = Debug|Any CPU
		{1917E34B-8331-4383-9773-70BFC6425C1A}.Debug|x64.Build.0 = Debug|Any CPU
		{1917E34B-8331-4383-9773-70BFC6425C1A}.Debug|x86.ActiveCfg = Debug|Any CPU
		{1917E34B-8331-4383-9773-70BFC6425C1A}.Debug|x86.Build.0 = Debug|Any CPU
		{1917E34B-8331-4383-9773-70BFC6425C1A}.Release|Any CPU.ActiveCfg = Release|Any CPU
		{1917E34B-8331-4383-9773-70BFC6425C1A}.Release|Any CPU.Build.0 = Release|Any CPU
		{1917E34B-8331-4383-9773-70BFC6425C1A}.Release|x64.ActiveCfg = Release|Any CPU
		{1917E34B-8331-4383-9773-70BFC6425C1A}.Release|x64.Build.0 = Release|Any CPU
		{1917E34B-8331-4383-9773-70BFC6425C1A}.Release|x86.ActiveCfg = Release|Any CPU
		{1917E34B-8331-4383-9773-70BFC6425C1A}.Release|x86.Build.0 = Release|Any CPU
		{638BBAB6-CCE0-4F5B-9155-B53BE2641972}.Debug|Any CPU.ActiveCfg = Debug|Any CPU
		{638BBAB6-CCE0-4F5B-9155-B53BE2641972}.Debug|Any CPU.Build.0 = Debug|Any CPU
		{638BBAB6-CCE0-4F5B-9155-B53BE2641972}.Debug|x64.ActiveCfg = Debug|Any CPU
		{638BBAB6-CCE0-4F5B-9155-B53BE2641972}.Debug|x64.Build.0 = Debug|Any CPU
		{638BBAB6-CCE0-4F5B-9155-B53BE2641972}.Debug|x86.ActiveCfg = Debug|Any CPU
		{638BBAB6-CCE0-4F5B-9155-B53BE2641972}.Debug|x86.Build.0 = Debug|Any CPU
		{638BBAB6-CCE0-4F5B-9155-B53BE2641972}.Release|Any CPU.ActiveCfg = Release|Any CPU
		{638BBAB6-CCE0-4F5B-9155-B53BE2641972}.Release|Any CPU.Build.0 = Release|Any CPU
		{638BBAB6-CCE0-4F5B-9155-B53BE2641972}.Release|x64.ActiveCfg = Release|Any CPU
		{638BBAB6-CCE0-4F5B-9155-B53BE2641972}.Release|x64.Build.0 = Release|Any CPU
		{638BBAB6-CCE0-4F5B-9155-B53BE2641972}.Release|x86.ActiveCfg = Release|Any CPU
		{638BBAB6-CCE0-4F5B-9155-B53BE2641972}.Release|x86.Build.0 = Release|Any CPU
		{6C349C5A-63FB-453F-94CA-66DDDEEAC8AF}.Debug|Any CPU.ActiveCfg = Debug|Any CPU
		{6C349C5A-63FB-453F-94CA-66DDDEEAC8AF}.Debug|Any CPU.Build.0 = Debug|Any CPU
		{6C349C5A-63FB-453F-94CA-66DDDEEAC8AF}.Debug|x64.ActiveCfg = Debug|Any CPU
		{6C349C5A-63FB-453F-94CA-66DDDEEAC8AF}.Debug|x64.Build.0 = Debug|Any CPU
		{6C349C5A-63FB-453F-94CA-66DDDEEAC8AF}.Debug|x86.ActiveCfg = Debug|Any CPU
		{6C349C5A-63FB-453F-94CA-66DDDEEAC8AF}.Debug|x86.Build.0 = Debug|Any CPU
		{6C349C5A-63FB-453F-94CA-66DDDEEAC8AF}.Release|Any CPU.ActiveCfg = Release|Any CPU
		{6C349C5A-63FB-453F-94CA-66DDDEEAC8AF}.Release|Any CPU.Build.0 = Release|Any CPU
		{6C349C5A-63FB-453F-94CA-66DDDEEAC8AF}.Release|x64.ActiveCfg = Release|Any CPU
		{6C349C5A-63FB-453F-94CA-66DDDEEAC8AF}.Release|x64.Build.0 = Release|Any CPU
		{6C349C5A-63FB-453F-94CA-66DDDEEAC8AF}.Release|x86.ActiveCfg = Release|Any CPU
		{6C349C5A-63FB-453F-94CA-66DDDEEAC8AF}.Release|x86.Build.0 = Release|Any CPU
	EndGlobalSection
	GlobalSection(SolutionProperties) = preSolution
		HideSolutionNode = FALSE
	EndGlobalSection
	GlobalSection(NestedProjects) = preSolution
		{76059671-F2EE-4961-812C-DB4E0A51F938} = {41C0BFB0-2D27-4216-BAB1-5E44FD114135}
		{145BDD9D-7F00-4EDA-8798-DAAF3347D59F} = {19A0D21E-D851-4FBF-80B5-57411AB5457D}
		{A1D72348-BF7B-48F5-8F65-F16439C82A60} = {0DEB515D-320D-4C3B-912A-3C43FE94C619}
		{1917E34B-8331-4383-9773-70BFC6425C1A} = {2A4726ED-B09B-4B41-8AF3-B9FD846455AB}
		{638BBAB6-CCE0-4F5B-9155-B53BE2641972} = {ECF8B46D-E115-4A2C-A7F0-719592637204}
		{6C349C5A-63FB-453F-94CA-66DDDEEAC8AF} = {0DEB515D-320D-4C3B-912A-3C43FE94C619}
	EndGlobalSection
	GlobalSection(ExtensibilityGlobals) = postSolution
		SolutionGuid = {76360B5C-4E1F-4C46-9D55-A41E29010F50}
	EndGlobalSection
EndGlobal
