
Microsoft Visual Studio Solution File, Format Version 12.00
# Visual Studio 15
VisualStudioVersion = 15.0.26124.0
MinimumVisualStudioVersion = 15.0.26124.0
Project("{9A19103F-16F7-4668-BE54-9A1E7A4F7556}") = "HaruGaKita", "HaruGaKita\HaruGaKita.csproj", "{76059671-F2EE-4961-812C-DB4E0A51F938}"
EndProject
Project("{9A19103F-16F7-4668-BE54-9A1E7A4F7556}") = "HaruGaKita.Test", "HaruGaKita.Test\HaruGaKita.Test.csproj", "{3644AFDF-F4F2-4BD2-9B23-0D0736D7A161}"
EndProject
Global
	GlobalSection(SolutionConfigurationPlatforms) = preSolution
		Debug|Any CPU = Debug|Any CPU
		Debug|x64 = Debug|x64
		Debug|x86 = Debug|x86
		Release|Any CPU = Release|Any CPU
		Release|x64 = Release|x64
		Release|x86 = Release|x86
	EndGlobalSection
	GlobalSection(ProjectConfigurationPlatforms) = postSolution
		{76059671-F2EE-4961-812C-DB4E0A51F938}.Debug|Any CPU.ActiveCfg = Debug|Any CPU
		{76059671-F2EE-4961-812C-DB4E0A51F938}.Debug|Any CPU.Build.0 = Debug|Any CPU
		{76059671-F2EE-4961-812C-DB4E0A51F938}.Debug|x64.ActiveCfg = Debug|Any CPU
		{76059671-F2EE-4961-812C-DB4E0A51F938}.Debug|x64.Build.0 = Debug|Any CPU
		{76059671-F2EE-4961-812C-DB4E0A51F938}.Debug|x86.ActiveCfg = Debug|Any CPU
		{76059671-F2EE-4961-812C-DB4E0A51F938}.Debug|x86.Build.0 = Debug|Any CPU
		{76059671-F2EE-4961-812C-DB4E0A51F938}.Release|Any CPU.ActiveCfg = Release|Any CPU
		{76059671-F2EE-4961-812C-DB4E0A51F938}.Release|Any CPU.Build.0 = Release|Any CPU
		{76059671-F2EE-4961-812C-DB4E0A51F938}.Release|x64.ActiveCfg = Release|Any CPU
		{76059671-F2EE-4961-812C-DB4E0A51F938}.Release|x64.Build.0 = Release|Any CPU
		{76059671-F2EE-4961-812C-DB4E0A51F938}.Release|x86.ActiveCfg = Release|Any CPU
		{76059671-F2EE-4961-812C-DB4E0A51F938}.Release|x86.Build.0 = Release|Any CPU
		{3644AFDF-F4F2-4BD2-9B23-0D0736D7A161}.Debug|Any CPU.ActiveCfg = Debug|Any CPU
		{3644AFDF-F4F2-4BD2-9B23-0D0736D7A161}.Debug|Any CPU.Build.0 = Debug|Any CPU
		{3644AFDF-F4F2-4BD2-9B23-0D0736D7A161}.Debug|x64.ActiveCfg = Debug|Any CPU
		{3644AFDF-F4F2-4BD2-9B23-0D0736D7A161}.Debug|x64.Build.0 = Debug|Any CPU
		{3644AFDF-F4F2-4BD2-9B23-0D0736D7A161}.Debug|x86.ActiveCfg = Debug|Any CPU
		{3644AFDF-F4F2-4BD2-9B23-0D0736D7A161}.Debug|x86.Build.0 = Debug|Any CPU
		{3644AFDF-F4F2-4BD2-9B23-0D0736D7A161}.Release|Any CPU.ActiveCfg = Release|Any CPU
		{3644AFDF-F4F2-4BD2-9B23-0D0736D7A161}.Release|Any CPU.Build.0 = Release|Any CPU
		{3644AFDF-F4F2-4BD2-9B23-0D0736D7A161}.Release|x64.ActiveCfg = Release|Any CPU
		{3644AFDF-F4F2-4BD2-9B23-0D0736D7A161}.Release|x64.Build.0 = Release|Any CPU
		{3644AFDF-F4F2-4BD2-9B23-0D0736D7A161}.Release|x86.ActiveCfg = Release|Any CPU
		{3644AFDF-F4F2-4BD2-9B23-0D0736D7A161}.Release|x86.Build.0 = Release|Any CPU
	EndGlobalSection
	GlobalSection(SolutionProperties) = preSolution
		HideSolutionNode = FALSE
	EndGlobalSection
	GlobalSection(ExtensibilityGlobals) = postSolution
		SolutionGuid = {76360B5C-4E1F-4C46-9D55-A41E29010F50}
	EndGlobalSection
EndGlobal
